// !$*UTF8*$!
{
	archiveVersion = 1;
	classes = {
	};
	objectVersion = 55;
	objects = {

/* Begin PBXBuildFile section */
		2B3685F7284004A8001ADE7B /* AppDelegate.swift in Sources */ = {isa = PBXBuildFile; fileRef = 2B3685F6284004A8001ADE7B /* AppDelegate.swift */; };
		2B3685F9284004A8001ADE7B /* SceneDelegate.swift in Sources */ = {isa = PBXBuildFile; fileRef = 2B3685F8284004A8001ADE7B /* SceneDelegate.swift */; };
		2B3685FB284004A8001ADE7B /* ViewController.swift in Sources */ = {isa = PBXBuildFile; fileRef = 2B3685FA284004A8001ADE7B /* ViewController.swift */; };
		2B3685FE284004A8001ADE7B /* Main.storyboard in Resources */ = {isa = PBXBuildFile; fileRef = 2B3685FC284004A8001ADE7B /* Main.storyboard */; };
		2B368600284004AC001ADE7B /* Assets.xcassets in Resources */ = {isa = PBXBuildFile; fileRef = 2B3685FF284004AC001ADE7B /* Assets.xcassets */; };
		2B368603284004AC001ADE7B /* LaunchScreen.storyboard in Resources */ = {isa = PBXBuildFile; fileRef = 2B368601284004AC001ADE7B /* LaunchScreen.storyboard */; };
		2B36860E284004AC001ADE7B /* CollectionViewAppTests.swift in Sources */ = {isa = PBXBuildFile; fileRef = 2B36860D284004AC001ADE7B /* CollectionViewAppTests.swift */; };
		2B368618284004AC001ADE7B /* CollectionViewAppUITests.swift in Sources */ = {isa = PBXBuildFile; fileRef = 2B368617284004AC001ADE7B /* CollectionViewAppUITests.swift */; };
		2B36861A284004AC001ADE7B /* CollectionViewAppUITestsLaunchTests.swift in Sources */ = {isa = PBXBuildFile; fileRef = 2B368619284004AC001ADE7B /* CollectionViewAppUITestsLaunchTests.swift */; };
/* End PBXBuildFile section */

/* Begin PBXContainerItemProxy section */
		2B36860A284004AC001ADE7B /* PBXContainerItemProxy */ = {
			isa = PBXContainerItemProxy;
			containerPortal = 2B3685EB284004A8001ADE7B /* Project object */;
			proxyType = 1;
			remoteGlobalIDString = 2B3685F2284004A8001ADE7B;
			remoteInfo = CollectionViewApp;
		};
		2B368614284004AC001ADE7B /* PBXContainerItemProxy */ = {
			isa = PBXContainerItemProxy;
			containerPortal = 2B3685EB284004A8001ADE7B /* Project object */;
			proxyType = 1;
			remoteGlobalIDString = 2B3685F2284004A8001ADE7B;
			remoteInfo = CollectionViewApp;
		};
/* End PBXContainerItemProxy section */

/* Begin PBXFileReference section */
		2B3685F3284004A8001ADE7B /* CollectionViewApp.app */ = {isa = PBXFileReference; explicitFileType = wrapper.application; includeInIndex = 0; path = CollectionViewApp.app; sourceTree = BUILT_PRODUCTS_DIR; };
		2B3685F6284004A8001ADE7B /* AppDelegate.swift */ = {isa = PBXFileReference; lastKnownFileType = sourcecode.swift; path = AppDelegate.swift; sourceTree = "<group>"; };
		2B3685F8284004A8001ADE7B /* SceneDelegate.swift */ = {isa = PBXFileReference; lastKnownFileType = sourcecode.swift; path = SceneDelegate.swift; sourceTree = "<group>"; };
		2B3685FA284004A8001ADE7B /* ViewController.swift */ = {isa = PBXFileReference; lastKnownFileType = sourcecode.swift; path = ViewController.swift; sourceTree = "<group>"; };
		2B3685FD284004A8001ADE7B /* Base */ = {isa = PBXFileReference; lastKnownFileType = file.storyboard; name = Base; path = Base.lproj/Main.storyboard; sourceTree = "<group>"; };
		2B3685FF284004AC001ADE7B /* Assets.xcassets */ = {isa = PBXFileReference; lastKnownFileType = folder.assetcatalog; path = Assets.xcassets; sourceTree = "<group>"; };
		2B368602284004AC001ADE7B /* Base */ = {isa = PBXFileReference; lastKnownFileType = file.storyboard; name = Base; path = Base.lproj/LaunchScreen.storyboard; sourceTree = "<group>"; };
		2B368604284004AC001ADE7B /* Info.plist */ = {isa = PBXFileReference; lastKnownFileType = text.plist.xml; path = Info.plist; sourceTree = "<group>"; };
		2B368609284004AC001ADE7B /* CollectionViewAppTests.xctest */ = {isa = PBXFileReference; explicitFileType = wrapper.cfbundle; includeInIndex = 0; path = CollectionViewAppTests.xctest; sourceTree = BUILT_PRODUCTS_DIR; };
		2B36860D284004AC001ADE7B /* CollectionViewAppTests.swift */ = {isa = PBXFileReference; lastKnownFileType = sourcecode.swift; path = CollectionViewAppTests.swift; sourceTree = "<group>"; };
		2B368613284004AC001ADE7B /* CollectionViewAppUITests.xctest */ = {isa = PBXFileReference; explicitFileType = wrapper.cfbundle; includeInIndex = 0; path = CollectionViewAppUITests.xctest; sourceTree = BUILT_PRODUCTS_DIR; };
		2B368617284004AC001ADE7B /* CollectionViewAppUITests.swift */ = {isa = PBXFileReference; lastKnownFileType = sourcecode.swift; path = CollectionViewAppUITests.swift; sourceTree = "<group>"; };
		2B368619284004AC001ADE7B /* CollectionViewAppUITestsLaunchTests.swift */ = {isa = PBXFileReference; lastKnownFileType = sourcecode.swift; path = CollectionViewAppUITestsLaunchTests.swift; sourceTree = "<group>"; };
/* End PBXFileReference section */

/* Begin PBXFrameworksBuildPhase section */
		2B3685F0284004A8001ADE7B /* Frameworks */ = {
			isa = PBXFrameworksBuildPhase;
			buildActionMask = 2147483647;
			files = (
			);
			runOnlyForDeploymentPostprocessing = 0;
		};
		2B368606284004AC001ADE7B /* Frameworks */ = {
			isa = PBXFrameworksBuildPhase;
			buildActionMask = 2147483647;
			files = (
			);
			runOnlyForDeploymentPostprocessing = 0;
		};
		2B368610284004AC001ADE7B /* Frameworks */ = {
			isa = PBXFrameworksBuildPhase;
			buildActionMask = 2147483647;
			files = (
			);
			runOnlyForDeploymentPostprocessing = 0;
		};
/* End PBXFrameworksBuildPhase section */

/* Begin PBXGroup section */
		2B3685EA284004A8001ADE7B = {
			isa = PBXGroup;
			children = (
				2B3685F5284004A8001ADE7B /* CollectionViewApp */,
				2B36860C284004AC001ADE7B /* CollectionViewAppTests */,
				2B368616284004AC001ADE7B /* CollectionViewAppUITests */,
				2B3685F4284004A8001ADE7B /* Products */,
			);
			sourceTree = "<group>";
		};
		2B3685F4284004A8001ADE7B /* Products */ = {
			isa = PBXGroup;
			children = (
				2B3685F3284004A8001ADE7B /* CollectionViewApp.app */,
				2B368609284004AC001ADE7B /* CollectionViewAppTests.xctest */,
				2B368613284004AC001ADE7B /* CollectionViewAppUITests.xctest */,
			);
			name = Products;
			sourceTree = "<group>";
		};
		2B3685F5284004A8001ADE7B /* CollectionViewApp */ = {
			isa = PBXGroup;
			children = (
				2B3685F6284004A8001ADE7B /* AppDelegate.swift */,
				2B3685F8284004A8001ADE7B /* SceneDelegate.swift */,
				2B3685FA284004A8001ADE7B /* ViewController.swift */,
				2B3685FC284004A8001ADE7B /* Main.storyboard */,
				2B3685FF284004AC001ADE7B /* Assets.xcassets */,
				2B368601284004AC001ADE7B /* LaunchScreen.storyboard */,
				2B368604284004AC001ADE7B /* Info.plist */,
			);
			path = CollectionViewApp;
			sourceTree = "<group>";
		};
		2B36860C284004AC001ADE7B /* CollectionViewAppTests */ = {
			isa = PBXGroup;
			children = (
				2B36860D284004AC001ADE7B /* CollectionViewAppTests.swift */,
			);
			path = CollectionViewAppTests;
			sourceTree = "<group>";
		};
		2B368616284004AC001ADE7B /* CollectionViewAppUITests */ = {
			isa = PBXGroup;
			children = (
				2B368617284004AC001ADE7B /* CollectionViewAppUITests.swift */,
				2B368619284004AC001ADE7B /* CollectionViewAppUITestsLaunchTests.swift */,
			);
			path = CollectionViewAppUITests;
			sourceTree = "<group>";
		};
/* End PBXGroup section */

/* Begin PBXNativeTarget section */
		2B3685F2284004A8001ADE7B /* CollectionViewApp */ = {
			isa = PBXNativeTarget;
			buildConfigurationList = 2B36861D284004AC001ADE7B /* Build configuration list for PBXNativeTarget "CollectionViewApp" */;
			buildPhases = (
				2B3685EF284004A8001ADE7B /* Sources */,
				2B3685F0284004A8001ADE7B /* Frameworks */,
				2B3685F1284004A8001ADE7B /* Resources */,
			);
			buildRules = (
			);
			dependencies = (
			);
			name = CollectionViewApp;
			productName = CollectionViewApp;
			productReference = 2B3685F3284004A8001ADE7B /* CollectionViewApp.app */;
			productType = "com.apple.product-type.application";
		};
		2B368608284004AC001ADE7B /* CollectionViewAppTests */ = {
			isa = PBXNativeTarget;
			buildConfigurationList = 2B368620284004AC001ADE7B /* Build configuration list for PBXNativeTarget "CollectionViewAppTests" */;
			buildPhases = (
				2B368605284004AC001ADE7B /* Sources */,
				2B368606284004AC001ADE7B /* Frameworks */,
				2B368607284004AC001ADE7B /* Resources */,
			);
			buildRules = (
			);
			dependencies = (
				2B36860B284004AC001ADE7B /* PBXTargetDependency */,
			);
			name = CollectionViewAppTests;
			productName = CollectionViewAppTests;
			productReference = 2B368609284004AC001ADE7B /* CollectionViewAppTests.xctest */;
			productType = "com.apple.product-type.bundle.unit-test";
		};
		2B368612284004AC001ADE7B /* CollectionViewAppUITests */ = {
			isa = PBXNativeTarget;
			buildConfigurationList = 2B368623284004AC001ADE7B /* Build configuration list for PBXNativeTarget "CollectionViewAppUITests" */;
			buildPhases = (
				2B36860F284004AC001ADE7B /* Sources */,
				2B368610284004AC001ADE7B /* Frameworks */,
				2B368611284004AC001ADE7B /* Resources */,
			);
			buildRules = (
			);
			dependencies = (
				2B368615284004AC001ADE7B /* PBXTargetDependency */,
			);
			name = CollectionViewAppUITests;
			productName = CollectionViewAppUITests;
			productReference = 2B368613284004AC001ADE7B /* CollectionViewAppUITests.xctest */;
			productType = "com.apple.product-type.bundle.ui-testing";
		};
/* End PBXNativeTarget section */

/* Begin PBXProject section */
		2B3685EB284004A8001ADE7B /* Project object */ = {
			isa = PBXProject;
			attributes = {
				BuildIndependentTargetsInParallel = 1;
				LastSwiftUpdateCheck = 1300;
				LastUpgradeCheck = 1300;
				TargetAttributes = {
					2B3685F2284004A8001ADE7B = {
						CreatedOnToolsVersion = 13.0;
					};
					2B368608284004AC001ADE7B = {
						CreatedOnToolsVersion = 13.0;
						TestTargetID = 2B3685F2284004A8001ADE7B;
					};
					2B368612284004AC001ADE7B = {
						CreatedOnToolsVersion = 13.0;
						TestTargetID = 2B3685F2284004A8001ADE7B;
					};
				};
			};
			buildConfigurationList = 2B3685EE284004A8001ADE7B /* Build configuration list for PBXProject "CollectionViewApp" */;
			compatibilityVersion = "Xcode 13.0";
			developmentRegion = en;
			hasScannedForEncodings = 0;
			knownRegions = (
				en,
				Base,
			);
			mainGroup = 2B3685EA284004A8001ADE7B;
			productRefGroup = 2B3685F4284004A8001ADE7B /* Products */;
			projectDirPath = "";
			projectRoot = "";
			targets = (
				2B3685F2284004A8001ADE7B /* CollectionViewApp */,
				2B368608284004AC001ADE7B /* CollectionViewAppTests */,
				2B368612284004AC001ADE7B /* CollectionViewAppUITests */,
			);
		};
/* End PBXProject section */

/* Begin PBXResourcesBuildPhase section */
		2B3685F1284004A8001ADE7B /* Resources */ = {
			isa = PBXResourcesBuildPhase;
			buildActionMask = 2147483647;
			files = (
				2B368603284004AC001ADE7B /* LaunchScreen.storyboard in Resources */,
				2B368600284004AC001ADE7B /* Assets.xcassets in Resources */,
				2B3685FE284004A8001ADE7B /* Main.storyboard in Resources */,
			);
			runOnlyForDeploymentPostprocessing = 0;
		};
		2B368607284004AC001ADE7B /* Resources */ = {
			isa = PBXResourcesBuildPhase;
			buildActionMask = 2147483647;
			files = (
			);
			runOnlyForDeploymentPostprocessing = 0;
		};
		2B368611284004AC001ADE7B /* Resources */ = {
			isa = PBXResourcesBuildPhase;
			buildActionMask = 2147483647;
			files = (
			);
			runOnlyForDeploymentPostprocessing = 0;
		};
/* End PBXResourcesBuildPhase section */

/* Begin PBXSourcesBuildPhase section */
		2B3685EF284004A8001ADE7B /* Sources */ = {
			isa = PBXSourcesBuildPhase;
			buildActionMask = 2147483647;
			files = (
				2B3685FB284004A8001ADE7B /* ViewController.swift in Sources */,
				2B3685F7284004A8001ADE7B /* AppDelegate.swift in Sources */,
				2B3685F9284004A8001ADE7B /* SceneDelegate.swift in Sources */,
			);
			runOnlyForDeploymentPostprocessing = 0;
		};
		2B368605284004AC001ADE7B /* Sources */ = {
			isa = PBXSourcesBuildPhase;
			buildActionMask = 2147483647;
			files = (
				2B36860E284004AC001ADE7B /* CollectionViewAppTests.swift in Sources */,
			);
			runOnlyForDeploymentPostprocessing = 0;
		};
		2B36860F284004AC001ADE7B /* Sources */ = {
			isa = PBXSourcesBuildPhase;
			buildActionMask = 2147483647;
			files = (
				2B368618284004AC001ADE7B /* CollectionViewAppUITests.swift in Sources */,
				2B36861A284004AC001ADE7B /* CollectionViewAppUITestsLaunchTests.swift in Sources */,
			);
			runOnlyForDeploymentPostprocessing = 0;
		};
/* End PBXSourcesBuildPhase section */

/* Begin PBXTargetDependency section */
		2B36860B284004AC001ADE7B /* PBXTargetDependency */ = {
			isa = PBXTargetDependency;
			target = 2B3685F2284004A8001ADE7B /* CollectionViewApp */;
			targetProxy = 2B36860A284004AC001ADE7B /* PBXContainerItemProxy */;
		};
		2B368615284004AC001ADE7B /* PBXTargetDependency */ = {
			isa = PBXTargetDependency;
			target = 2B3685F2284004A8001ADE7B /* CollectionViewApp */;
			targetProxy = 2B368614284004AC001ADE7B /* PBXContainerItemProxy */;
		};
/* End PBXTargetDependency section */

/* Begin PBXVariantGroup section */
		2B3685FC284004A8001ADE7B /* Main.storyboard */ = {
			isa = PBXVariantGroup;
			children = (
				2B3685FD284004A8001ADE7B /* Base */,
			);
			name = Main.storyboard;
			sourceTree = "<group>";
		};
		2B368601284004AC001ADE7B /* LaunchScreen.storyboard */ = {
			isa = PBXVariantGroup;
			children = (
				2B368602284004AC001ADE7B /* Base */,
			);
			name = LaunchScreen.storyboard;
			sourceTree = "<group>";
		};
/* End PBXVariantGroup section */

/* Begin XCBuildConfiguration section */
		2B36861B284004AC001ADE7B /* Debug */ = {
			isa = XCBuildConfiguration;
			buildSettings = {
				ALWAYS_SEARCH_USER_PATHS = NO;
				CLANG_ANALYZER_NONNULL = YES;
				CLANG_ANALYZER_NUMBER_OBJECT_CONVERSION = YES_AGGRESSIVE;
				CLANG_CXX_LANGUAGE_STANDARD = "gnu++17";
				CLANG_CXX_LIBRARY = "libc++";
				CLANG_ENABLE_MODULES = YES;
				CLANG_ENABLE_OBJC_ARC = YES;
				CLANG_ENABLE_OBJC_WEAK = YES;
				CLANG_WARN_BLOCK_CAPTURE_AUTORELEASING = YES;
				CLANG_WARN_BOOL_CONVERSION = YES;
				CLANG_WARN_COMMA = YES;
				CLANG_WARN_CONSTANT_CONVERSION = YES;
				CLANG_WARN_DEPRECATED_OBJC_IMPLEMENTATIONS = YES;
				CLANG_WARN_DIRECT_OBJC_ISA_USAGE = YES_ERROR;
				CLANG_WARN_DOCUMENTATION_COMMENTS = YES;
				CLANG_WARN_EMPTY_BODY = YES;
				CLANG_WARN_ENUM_CONVERSION = YES;
				CLANG_WARN_INFINITE_RECURSION = YES;
				CLANG_WARN_INT_CONVERSION = YES;
				CLANG_WARN_NON_LITERAL_NULL_CONVERSION = YES;
				CLANG_WARN_OBJC_IMPLICIT_RETAIN_SELF = YES;
				CLANG_WARN_OBJC_LITERAL_CONVERSION = YES;
				CLANG_WARN_OBJC_ROOT_CLASS = YES_ERROR;
				CLANG_WARN_QUOTED_INCLUDE_IN_FRAMEWORK_HEADER = YES;
				CLANG_WARN_RANGE_LOOP_ANALYSIS = YES;
				CLANG_WARN_STRICT_PROTOTYPES = YES;
				CLANG_WARN_SUSPICIOUS_MOVE = YES;
				CLANG_WARN_UNGUARDED_AVAILABILITY = YES_AGGRESSIVE;
				CLANG_WARN_UNREACHABLE_CODE = YES;
				CLANG_WARN__DUPLICATE_METHOD_MATCH = YES;
				COPY_PHASE_STRIP = NO;
				DEBUG_INFORMATION_FORMAT = dwarf;
				ENABLE_STRICT_OBJC_MSGSEND = YES;
				ENABLE_TESTABILITY = YES;
				GCC_C_LANGUAGE_STANDARD = gnu11;
				GCC_DYNAMIC_NO_PIC = NO;
				GCC_NO_COMMON_BLOCKS = YES;
				GCC_OPTIMIZATION_LEVEL = 0;
				GCC_PREPROCESSOR_DEFINITIONS = (
					"DEBUG=1",
					"$(inherited)",
				);
				GCC_WARN_64_TO_32_BIT_CONVERSION = YES;
				GCC_WARN_ABOUT_RETURN_TYPE = YES_ERROR;
				GCC_WARN_UNDECLARED_SELECTOR = YES;
				GCC_WARN_UNINITIALIZED_AUTOS = YES_AGGRESSIVE;
				GCC_WARN_UNUSED_FUNCTION = YES;
				GCC_WARN_UNUSED_VARIABLE = YES;
				IPHONEOS_DEPLOYMENT_TARGET = 15.0;
				MTL_ENABLE_DEBUG_INFO = INCLUDE_SOURCE;
				MTL_FAST_MATH = YES;
				ONLY_ACTIVE_ARCH = YES;
				SDKROOT = iphoneos;
				SWIFT_ACTIVE_COMPILATION_CONDITIONS = DEBUG;
				SWIFT_OPTIMIZATION_LEVEL = "-Onone";
			};
			name = Debug;
		};
		2B36861C284004AC001ADE7B /* Release */ = {
			isa = XCBuildConfiguration;
			buildSettings = {
				ALWAYS_SEARCH_USER_PATHS = NO;
				CLANG_ANALYZER_NONNULL = YES;
				CLANG_ANALYZER_NUMBER_OBJECT_CONVERSION = YES_AGGRESSIVE;
				CLANG_CXX_LANGUAGE_STANDARD = "gnu++17";
				CLANG_CXX_LIBRARY = "libc++";
				CLANG_ENABLE_MODULES = YES;
				CLANG_ENABLE_OBJC_ARC = YES;
				CLANG_ENABLE_OBJC_WEAK = YES;
				CLANG_WARN_BLOCK_CAPTURE_AUTORELEASING = YES;
				CLANG_WARN_BOOL_CONVERSION = YES;
				CLANG_WARN_COMMA = YES;
				CLANG_WARN_CONSTANT_CONVERSION = YES;
				CLANG_WARN_DEPRECATED_OBJC_IMPLEMENTATIONS = YES;
				CLANG_WARN_DIRECT_OBJC_ISA_USAGE = YES_ERROR;
				CLANG_WARN_DOCUMENTATION_COMMENTS = YES;
				CLANG_WARN_EMPTY_BODY = YES;
				CLANG_WARN_ENUM_CONVERSION = YES;
				CLANG_WARN_INFINITE_RECURSION = YES;
				CLANG_WARN_INT_CONVERSION = YES;
				CLANG_WARN_NON_LITERAL_NULL_CONVERSION = YES;
				CLANG_WARN_OBJC_IMPLICIT_RETAIN_SELF = YES;
				CLANG_WARN_OBJC_LITERAL_CONVERSION = YES;
				CLANG_WARN_OBJC_ROOT_CLASS = YES_ERROR;
				CLANG_WARN_QUOTED_INCLUDE_IN_FRAMEWORK_HEADER = YES;
				CLANG_WARN_RANGE_LOOP_ANALYSIS = YES;
				CLANG_WARN_STRICT_PROTOTYPES = YES;
				CLANG_WARN_SUSPICIOUS_MOVE = YES;
				CLANG_WARN_UNGUARDED_AVAILABILITY = YES_AGGRESSIVE;
				CLANG_WARN_UNREACHABLE_CODE = YES;
				CLANG_WARN__DUPLICATE_METHOD_MATCH = YES;
				COPY_PHASE_STRIP = NO;
				DEBUG_INFORMATION_FORMAT = "dwarf-with-dsym";
				ENABLE_NS_ASSERTIONS = NO;
				ENABLE_STRICT_OBJC_MSGSEND = YES;
				GCC_C_LANGUAGE_STANDARD = gnu11;
				GCC_NO_COMMON_BLOCKS = YES;
				GCC_WARN_64_TO_32_BIT_CONVERSION = YES;
				GCC_WARN_ABOUT_RETURN_TYPE = YES_ERROR;
				GCC_WARN_UNDECLARED_SELECTOR = YES;
				GCC_WARN_UNINITIALIZED_AUTOS = YES_AGGRESSIVE;
				GCC_WARN_UNUSED_FUNCTION = YES;
				GCC_WARN_UNUSED_VARIABLE = YES;
				IPHONEOS_DEPLOYMENT_TARGET = 15.0;
				MTL_ENABLE_DEBUG_INFO = NO;
				MTL_FAST_MATH = YES;
				SDKROOT = iphoneos;
				SWIFT_COMPILATION_MODE = wholemodule;
				SWIFT_OPTIMIZATION_LEVEL = "-O";
				VALIDATE_PRODUCT = YES;
			};
			name = Release;
		};
		2B36861E284004AC001ADE7B /* Debug */ = {
			isa = XCBuildConfiguration;
			buildSettings = {
				ASSETCATALOG_COMPILER_APPICON_NAME = AppIcon;
				ASSETCATALOG_COMPILER_GLOBAL_ACCENT_COLOR_NAME = AccentColor;
				CODE_SIGN_STYLE = Automatic;
				CURRENT_PROJECT_VERSION = 1;
				GENERATE_INFOPLIST_FILE = YES;
				INFOPLIST_FILE = CollectionViewApp/Info.plist;
				INFOPLIST_KEY_UIApplicationSupportsIndirectInputEvents = YES;
				INFOPLIST_KEY_UILaunchStoryboardName = LaunchScreen;
				INFOPLIST_KEY_UIMainStoryboardFile = Main;
				INFOPLIST_KEY_UISupportedInterfaceOrientations_iPad = "UIInterfaceOrientationPortrait UIInterfaceOrientationPortraitUpsideDown UIInterfaceOrientationLandscapeLeft UIInterfaceOrientationLandscapeRight";
				INFOPLIST_KEY_UISupportedInterfaceOrientations_iPhone = "UIInterfaceOrientationPortrait UIInterfaceOrientationLandscapeLeft UIInterfaceOrientationLandscapeRight";
				LD_RUNPATH_SEARCH_PATHS = (
					"$(inherited)",
					"@executable_path/Frameworks",
				);
				MARKETING_VERSION = 1.0;
				PRODUCT_BUNDLE_IDENTIFIER = PS.CollectionViewApp;
				PRODUCT_NAME = "$(TARGET_NAME)";
				SWIFT_EMIT_LOC_STRINGS = YES;
				SWIFT_VERSION = 5.0;
				TARGETED_DEVICE_FAMILY = "1,2";
			};
			name = Debug;
		};
		2B36861F284004AC001ADE7B /* Release */ = {
			isa = XCBuildConfiguration;
			buildSettings = {
				ASSETCATALOG_COMPILER_APPICON_NAME = AppIcon;
				ASSETCATALOG_COMPILER_GLOBAL_ACCENT_COLOR_NAME = AccentColor;
				CODE_SIGN_STYLE = Automatic;
				CURRENT_PROJECT_VERSION = 1;
				GENERATE_INFOPLIST_FILE = YES;
				INFOPLIST_FILE = CollectionViewApp/Info.plist;
				INFOPLIST_KEY_UIApplicationSupportsIndirectInputEvents = YES;
				INFOPLIST_KEY_UILaunchStoryboardName = LaunchScreen;
				INFOPLIST_KEY_UIMainStoryboardFile = Main;
				INFOPLIST_KEY_UISupportedInterfaceOrientations_iPad = "UIInterfaceOrientationPortrait UIInterfaceOrientationPortraitUpsideDown UIInterfaceOrientationLandscapeLeft UIInterfaceOrientationLandscapeRight";
				INFOPLIST_KEY_UISupportedInterfaceOrientations_iPhone = "UIInterfaceOrientationPortrait UIInterfaceOrientationLandscapeLeft UIInterfaceOrientationLandscapeRight";
				LD_RUNPATH_SEARCH_PATHS = (
					"$(inherited)",
					"@executable_path/Frameworks",
				);
				MARKETING_VERSION = 1.0;
				PRODUCT_BUNDLE_IDENTIFIER = PS.CollectionViewApp;
				PRODUCT_NAME = "$(TARGET_NAME)";
				SWIFT_EMIT_LOC_STRINGS = YES;
				SWIFT_VERSION = 5.0;
				TARGETED_DEVICE_FAMILY = "1,2";
			};
			name = Release;
		};
		2B368621284004AC001ADE7B /* Debug */ = {
			isa = XCBuildConfiguration;
			buildSettings = {
				ALWAYS_EMBED_SWIFT_STANDARD_LIBRARIES = YES;
				BUNDLE_LOADER = "$(TEST_HOST)";
				CODE_SIGN_STYLE = Automatic;
				CURRENT_PROJECT_VERSION = 1;
				GENERATE_INFOPLIST_FILE = YES;
				IPHONEOS_DEPLOYMENT_TARGET = 15.0;
				LD_RUNPATH_SEARCH_PATHS = (
					"$(inherited)",
					"@executable_path/Frameworks",
					"@loader_path/Frameworks",
				);
				MARKETING_VERSION = 1.0;
				PRODUCT_BUNDLE_IDENTIFIER = PS.CollectionViewAppTests;
				PRODUCT_NAME = "$(TARGET_NAME)";
				SWIFT_EMIT_LOC_STRINGS = NO;
				SWIFT_VERSION = 5.0;
				TARGETED_DEVICE_FAMILY = "1,2";
				TEST_HOST = "$(BUILT_PRODUCTS_DIR)/CollectionViewApp.app/CollectionViewApp";
			};
			name = Debug;
		};
		2B368622284004AC001ADE7B /* Release */ = {
			isa = XCBuildConfiguration;
			buildSettings = {
				ALWAYS_EMBED_SWIFT_STANDARD_LIBRARIES = YES;
				BUNDLE_LOADER = "$(TEST_HOST)";
				CODE_SIGN_STYLE = Automatic;
				CURRENT_PROJECT_VERSION = 1;
				GENERATE_INFOPLIST_FILE = YES;
				IPHONEOS_DEPLOYMENT_TARGET = 15.0;
				LD_RUNPATH_SEARCH_PATHS = (
					"$(inherited)",
					"@executable_path/Frameworks",
					"@loader_path/Frameworks",
				);
				MARKETING_VERSION = 1.0;
				PRODUCT_BUNDLE_IDENTIFIER = PS.CollectionViewAppTests;
				PRODUCT_NAME = "$(TARGET_NAME)";
				SWIFT_EMIT_LOC_STRINGS = NO;
				SWIFT_VERSION = 5.0;
				TARGETED_DEVICE_FAMILY = "1,2";
				TEST_HOST = "$(BUILT_PRODUCTS_DIR)/CollectionViewApp.app/CollectionViewApp";
			};
			name = Release;
		};
		2B368624284004AC001ADE7B /* Debug */ = {
			isa = XCBuildConfiguration;
			buildSettings = {
				ALWAYS_EMBED_SWIFT_STANDARD_LIBRARIES = YES;
				CODE_SIGN_STYLE = Automatic;
				CURRENT_PROJECT_VERSION = 1;
				GENERATE_INFOPLIST_FILE = YES;
				LD_RUNPATH_SEARCH_PATHS = (
					"$(inherited)",
					"@executable_path/Frameworks",
					"@loader_path/Frameworks",
				);
				MARKETING_VERSION = 1.0;
				PRODUCT_BUNDLE_IDENTIFIER = PS.CollectionViewAppUITests;
				PRODUCT_NAME = "$(TARGET_NAME)";
				SWIFT_EMIT_LOC_STRINGS = NO;
				SWIFT_VERSION = 5.0;
				TARGETED_DEVICE_FAMILY = "1,2";
				TEST_TARGET_NAME = CollectionViewApp;
			};
			name = Debug;
		};
		2B368625284004AC001ADE7B /* Release */ = {
			isa = XCBuildConfiguration;
			buildSettings = {
				ALWAYS_EMBED_SWIFT_STANDARD_LIBRARIES = YES;
				CODE_SIGN_STYLE = Automatic;
				CURRENT_PROJECT_VERSION = 1;
				GENERATE_INFOPLIST_FILE = YES;
				LD_RUNPATH_SEARCH_PATHS = (
					"$(inherited)",
					"@executable_path/Frameworks",
					"@loader_path/Frameworks",
				);
				MARKETING_VERSION = 1.0;
				PRODUCT_BUNDLE_IDENTIFIER = PS.CollectionViewAppUITests;
				PRODUCT_NAME = "$(TARGET_NAME)";
				SWIFT_EMIT_LOC_STRINGS = NO;
				SWIFT_VERSION = 5.0;
				TARGETED_DEVICE_FAMILY = "1,2";
				TEST_TARGET_NAME = CollectionViewApp;
			};
			name = Release;
		};
/* End XCBuildConfiguration section */

/* Begin XCConfigurationList section */
		2B3685EE284004A8001ADE7B /* Build configuration list for PBXProject "CollectionViewApp" */ = {
			isa = XCConfigurationList;
			buildConfigurations = (
				2B36861B284004AC001ADE7B /* Debug */,
				2B36861C284004AC001ADE7B /* Release */,
			);
			defaultConfigurationIsVisible = 0;
			defaultConfigurationName = Release;
		};
		2B36861D284004AC001ADE7B /* Build configuration list for PBXNativeTarget "CollectionViewApp" */ = {
			isa = XCConfigurationList;
			buildConfigurations = (
				2B36861E284004AC001ADE7B /* Debug */,
				2B36861F284004AC001ADE7B /* Release */,
			);
			defaultConfigurationIsVisible = 0;
			defaultConfigurationName = Release;
		};
		2B368620284004AC001ADE7B /* Build configuration list for PBXNativeTarget "CollectionViewAppTests" */ = {
			isa = XCConfigurationList;
			buildConfigurations = (
				2B368621284004AC001ADE7B /* Debug */,
				2B368622284004AC001ADE7B /* Release */,
			);
			defaultConfigurationIsVisible = 0;
			defaultConfigurationName = Release;
		};
		2B368623284004AC001ADE7B /* Build configuration list for PBXNativeTarget "CollectionViewAppUITests" */ = {
			isa = XCConfigurationList;
			buildConfigurations = (
				2B368624284004AC001ADE7B /* Debug */,
				2B368625284004AC001ADE7B /* Release */,
			);
			defaultConfigurationIsVisible = 0;
			defaultConfigurationName = Release;
		};
/* End XCConfigurationList section */
	};
	rootObject = 2B3685EB284004A8001ADE7B /* Project object */;
}
